
Microsoft Visual Studio Solution File, Format Version 12.00
# Visual Studio Version 17
VisualStudioVersion = 17.11.35222.181
MinimumVisualStudioVersion = 10.0.40219.1
Project("{9A19103F-16F7-4668-BE54-9A1E7A4F7556}") = "API", "SchoolAPI\API.csproj", "{D59981E6-0CA9-4C2D-9794-F653252F349B}"
EndProject
Project("{9A19103F-16F7-4668-BE54-9A1E7A4F7556}") = "Abstractions", "Abstractions\Abstractions.csproj", "{5C081288-01B0-413C-9F82-B80F61729DFB}"
EndProject
Project("{9A19103F-16F7-4668-BE54-9A1E7A4F7556}") = "Business", "Business\Business.csproj", "{CF9FAD85-5668-4BAD-968A-89CB799F94C2}"
EndProject
Project("{9A19103F-16F7-4668-BE54-9A1E7A4F7556}") = "Repository", "Repository\Repository.csproj", "{904FC4C5-B026-4189-87D7-63788786C36E}"
EndProject
Project("{FAE04EC0-301F-11D3-BF4B-00C04F79EFBC}") = "Test", "Test\Test.csproj", "{306C0ED0-E3FB-40FE-AE89-449352EE06C1}"
EndProject
Global
	GlobalSection(SolutionConfigurationPlatforms) = preSolution
		Debug|Any CPU = Debug|Any CPU
		Release|Any CPU = Release|Any CPU
	EndGlobalSection
	GlobalSection(ProjectConfigurationPlatforms) = postSolution
		{D59981E6-0CA9-4C2D-9794-F653252F349B}.Debug|Any CPU.ActiveCfg = Debug|Any CPU
		{D59981E6-0CA9-4C2D-9794-F653252F349B}.Debug|Any CPU.Build.0 = Debug|Any CPU
		{D59981E6-0CA9-4C2D-9794-F653252F349B}.Release|Any CPU.ActiveCfg = Release|Any CPU
		{D59981E6-0CA9-4C2D-9794-F653252F349B}.Release|Any CPU.Build.0 = Release|Any CPU
		{5C081288-01B0-413C-9F82-B80F61729DFB}.Debug|Any CPU.ActiveCfg = Debug|Any CPU
		{5C081288-01B0-413C-9F82-B80F61729DFB}.Debug|Any CPU.Build.0 = Debug|Any CPU
		{5C081288-01B0-413C-9F82-B80F61729DFB}.Release|Any CPU.ActiveCfg = Release|Any CPU
		{5C081288-01B0-413C-9F82-B80F61729DFB}.Release|Any CPU.Build.0 = Release|Any CPU
		{CF9FAD85-5668-4BAD-968A-89CB799F94C2}.Debug|Any CPU.ActiveCfg = Debug|Any CPU
		{CF9FAD85-5668-4BAD-968A-89CB799F94C2}.Debug|Any CPU.Build.0 = Debug|Any CPU
		{CF9FAD85-5668-4BAD-968A-89CB799F94C2}.Release|Any CPU.ActiveCfg = Release|Any CPU
		{CF9FAD85-5668-4BAD-968A-89CB799F94C2}.Release|Any CPU.Build.0 = Release|Any CPU
		{904FC4C5-B026-4189-87D7-63788786C36E}.Debug|Any CPU.ActiveCfg = Debug|Any CPU
		{904FC4C5-B026-4189-87D7-63788786C36E}.Debug|Any CPU.Build.0 = Debug|Any CPU
		{904FC4C5-B026-4189-87D7-63788786C36E}.Release|Any CPU.ActiveCfg = Release|Any CPU
		{904FC4C5-B026-4189-87D7-63788786C36E}.Release|Any CPU.Build.0 = Release|Any CPU
		{306C0ED0-E3FB-40FE-AE89-449352EE06C1}.Debug|Any CPU.ActiveCfg = Debug|Any CPU
		{306C0ED0-E3FB-40FE-AE89-449352EE06C1}.Debug|Any CPU.Build.0 = Debug|Any CPU
		{306C0ED0-E3FB-40FE-AE89-449352EE06C1}.Release|Any CPU.ActiveCfg = Release|Any CPU
		{306C0ED0-E3FB-40FE-AE89-449352EE06C1}.Release|Any CPU.Build.0 = Release|Any CPU
	EndGlobalSection
	GlobalSection(SolutionProperties) = preSolution
		HideSolutionNode = FALSE
	EndGlobalSection
	GlobalSection(ExtensibilityGlobals) = postSolution
		SolutionGuid = {AFEFA48C-83E8-470C-989F-52F189087E70}
	EndGlobalSection
EndGlobal
